
Microsoft Visual Studio Solution File, Format Version 12.00
# Visual Studio Version 17
VisualStudioVersion = 17.4.33103.184
MinimumVisualStudioVersion = 10.0.40219.1
Project("{2150E333-8FDC-42A3-9474-1A3956D46DE8}") = "Services", "Services", "{26D153C3-EF6B-4230-89AD-CCDCBDC0728C}"
EndProject
Project("{9A19103F-16F7-4668-BE54-9A1E7A4F7556}") = "APIGateway", "APIGateway\APIGateway.csproj", "{58E6C86C-7994-4990-8799-C85E8BB4F07F}"
EndProject
Project("{2150E333-8FDC-42A3-9474-1A3956D46DE8}") = "ReservationAPI", "ReservationAPI", "{507875C1-2DA8-47B6-A048-B3CBE885B8FB}"
EndProject
Project("{9A19103F-16F7-4668-BE54-9A1E7A4F7556}") = "Reservation.API.Services", "Reservation\Reservation.API.Services\Reservation.API.Services.csproj", "{FF99ABFC-C815-48E9-BBAC-629F0A38BA72}"
EndProject
Project("{9A19103F-16F7-4668-BE54-9A1E7A4F7556}") = "Reservation.API.Models", "Reservation\Reservation.API.Models\Reservation.API.Models.csproj", "{1401291F-8AE5-4E5D-B809-52CA96EF1B83}"
EndProject
Project("{9A19103F-16F7-4668-BE54-9A1E7A4F7556}") = "Reservation.API.Infrastructure", "Reservation\Reservation.API.Infrastructure\Reservation.API.Infrastructure.csproj", "{59784A85-C67C-4F41-9292-AC68A592E861}"
EndProject
Project("{9A19103F-16F7-4668-BE54-9A1E7A4F7556}") = "Reservation.API", "Reservation.API\Reservation.API.csproj", "{1B5C8254-AA89-43A7-8F06-4ABABEFE02A8}"
EndProject
Project("{2150E333-8FDC-42A3-9474-1A3956D46DE8}") = "ContactAPI", "ContactAPI", "{06872A30-A827-4F14-BFD5-310B1A6185B5}"
EndProject
Project("{9A19103F-16F7-4668-BE54-9A1E7A4F7556}") = "Contact.API.Models", "Contact\Contact.API.Models\Contact.API.Models.csproj", "{4979B4F7-3B3E-4F09-9AEA-9010E5916B90}"
EndProject
Project("{9A19103F-16F7-4668-BE54-9A1E7A4F7556}") = "Contact.API.Services", "Contact.API.Services\Contact.API.Services.csproj", "{F7C54FB1-B11E-455D-B824-11BF0742367C}"
EndProject
Project("{9A19103F-16F7-4668-BE54-9A1E7A4F7556}") = "Contact.API.Infrastructure", "Contact\Contact.API.Infrastructure\Contact.API.Infrastructure.csproj", "{5745C955-DAD7-4D02-873A-6F1C40669440}"
EndProject
Project("{9A19103F-16F7-4668-BE54-9A1E7A4F7556}") = "Contact.API", "Contact\Contact.API\Contact.API.csproj", "{9524D39B-25B6-4AA1-BE99-AE21732D57E6}"
EndProject
Project("{2150E333-8FDC-42A3-9474-1A3956D46DE8}") = "Solution Items", "Solution Items", "{800778F6-3AC2-4DC1-9FD7-4CF4DB43F9E8}"
	ProjectSection(SolutionItems) = preProject
		docker-compose.yml = docker-compose.yml
	EndProjectSection
EndProject
Global
	GlobalSection(SolutionConfigurationPlatforms) = preSolution
		Debug|Any CPU = Debug|Any CPU
		Release|Any CPU = Release|Any CPU
	EndGlobalSection
	GlobalSection(ProjectConfigurationPlatforms) = postSolution
		{58E6C86C-7994-4990-8799-C85E8BB4F07F}.Debug|Any CPU.ActiveCfg = Debug|Any CPU
		{58E6C86C-7994-4990-8799-C85E8BB4F07F}.Debug|Any CPU.Build.0 = Debug|Any CPU
		{58E6C86C-7994-4990-8799-C85E8BB4F07F}.Release|Any CPU.ActiveCfg = Release|Any CPU
		{58E6C86C-7994-4990-8799-C85E8BB4F07F}.Release|Any CPU.Build.0 = Release|Any CPU
		{FF99ABFC-C815-48E9-BBAC-629F0A38BA72}.Debug|Any CPU.ActiveCfg = Debug|Any CPU
		{FF99ABFC-C815-48E9-BBAC-629F0A38BA72}.Debug|Any CPU.Build.0 = Debug|Any CPU
		{FF99ABFC-C815-48E9-BBAC-629F0A38BA72}.Release|Any CPU.ActiveCfg = Release|Any CPU
		{FF99ABFC-C815-48E9-BBAC-629F0A38BA72}.Release|Any CPU.Build.0 = Release|Any CPU
		{1401291F-8AE5-4E5D-B809-52CA96EF1B83}.Debug|Any CPU.ActiveCfg = Debug|Any CPU
		{1401291F-8AE5-4E5D-B809-52CA96EF1B83}.Debug|Any CPU.Build.0 = Debug|Any CPU
		{1401291F-8AE5-4E5D-B809-52CA96EF1B83}.Release|Any CPU.ActiveCfg = Release|Any CPU
		{1401291F-8AE5-4E5D-B809-52CA96EF1B83}.Release|Any CPU.Build.0 = Release|Any CPU
		{59784A85-C67C-4F41-9292-AC68A592E861}.Debug|Any CPU.ActiveCfg = Debug|Any CPU
		{59784A85-C67C-4F41-9292-AC68A592E861}.Debug|Any CPU.Build.0 = Debug|Any CPU
		{59784A85-C67C-4F41-9292-AC68A592E861}.Release|Any CPU.ActiveCfg = Release|Any CPU
		{59784A85-C67C-4F41-9292-AC68A592E861}.Release|Any CPU.Build.0 = Release|Any CPU
		{1B5C8254-AA89-43A7-8F06-4ABABEFE02A8}.Debug|Any CPU.ActiveCfg = Debug|Any CPU
		{1B5C8254-AA89-43A7-8F06-4ABABEFE02A8}.Debug|Any CPU.Build.0 = Debug|Any CPU
		{1B5C8254-AA89-43A7-8F06-4ABABEFE02A8}.Release|Any CPU.ActiveCfg = Release|Any CPU
		{1B5C8254-AA89-43A7-8F06-4ABABEFE02A8}.Release|Any CPU.Build.0 = Release|Any CPU
		{4979B4F7-3B3E-4F09-9AEA-9010E5916B90}.Debug|Any CPU.ActiveCfg = Debug|Any CPU
		{4979B4F7-3B3E-4F09-9AEA-9010E5916B90}.Debug|Any CPU.Build.0 = Debug|Any CPU
		{4979B4F7-3B3E-4F09-9AEA-9010E5916B90}.Release|Any CPU.ActiveCfg = Release|Any CPU
		{4979B4F7-3B3E-4F09-9AEA-9010E5916B90}.Release|Any CPU.Build.0 = Release|Any CPU
		{F7C54FB1-B11E-455D-B824-11BF0742367C}.Debug|Any CPU.ActiveCfg = Debug|Any CPU
		{F7C54FB1-B11E-455D-B824-11BF0742367C}.Debug|Any CPU.Build.0 = Debug|Any CPU
		{F7C54FB1-B11E-455D-B824-11BF0742367C}.Release|Any CPU.ActiveCfg = Release|Any CPU
		{F7C54FB1-B11E-455D-B824-11BF0742367C}.Release|Any CPU.Build.0 = Release|Any CPU
		{5745C955-DAD7-4D02-873A-6F1C40669440}.Debug|Any CPU.ActiveCfg = Debug|Any CPU
		{5745C955-DAD7-4D02-873A-6F1C40669440}.Debug|Any CPU.Build.0 = Debug|Any CPU
		{5745C955-DAD7-4D02-873A-6F1C40669440}.Release|Any CPU.ActiveCfg = Release|Any CPU
		{5745C955-DAD7-4D02-873A-6F1C40669440}.Release|Any CPU.Build.0 = Release|Any CPU
		{9524D39B-25B6-4AA1-BE99-AE21732D57E6}.Debug|Any CPU.ActiveCfg = Debug|Any CPU
		{9524D39B-25B6-4AA1-BE99-AE21732D57E6}.Debug|Any CPU.Build.0 = Debug|Any CPU
		{9524D39B-25B6-4AA1-BE99-AE21732D57E6}.Release|Any CPU.ActiveCfg = Release|Any CPU
		{9524D39B-25B6-4AA1-BE99-AE21732D57E6}.Release|Any CPU.Build.0 = Release|Any CPU
	EndGlobalSection
	GlobalSection(SolutionProperties) = preSolution
		HideSolutionNode = FALSE
	EndGlobalSection
	GlobalSection(NestedProjects) = preSolution
		{507875C1-2DA8-47B6-A048-B3CBE885B8FB} = {26D153C3-EF6B-4230-89AD-CCDCBDC0728C}
		{FF99ABFC-C815-48E9-BBAC-629F0A38BA72} = {507875C1-2DA8-47B6-A048-B3CBE885B8FB}
		{1401291F-8AE5-4E5D-B809-52CA96EF1B83} = {507875C1-2DA8-47B6-A048-B3CBE885B8FB}
		{59784A85-C67C-4F41-9292-AC68A592E861} = {507875C1-2DA8-47B6-A048-B3CBE885B8FB}
		{1B5C8254-AA89-43A7-8F06-4ABABEFE02A8} = {507875C1-2DA8-47B6-A048-B3CBE885B8FB}
		{06872A30-A827-4F14-BFD5-310B1A6185B5} = {26D153C3-EF6B-4230-89AD-CCDCBDC0728C}
		{4979B4F7-3B3E-4F09-9AEA-9010E5916B90} = {06872A30-A827-4F14-BFD5-310B1A6185B5}
		{F7C54FB1-B11E-455D-B824-11BF0742367C} = {06872A30-A827-4F14-BFD5-310B1A6185B5}
		{5745C955-DAD7-4D02-873A-6F1C40669440} = {06872A30-A827-4F14-BFD5-310B1A6185B5}
		{9524D39B-25B6-4AA1-BE99-AE21732D57E6} = {06872A30-A827-4F14-BFD5-310B1A6185B5}
	EndGlobalSection
	GlobalSection(ExtensibilityGlobals) = postSolution
		SolutionGuid = {8FE47282-17D4-4A74-B8C7-C34E79E1FCC8}
	EndGlobalSection
EndGlobal
